
Microsoft Visual Studio Solution File, Format Version 12.00
# Visual Studio Version 16
VisualStudioVersion = 16.0.33130.400
MinimumVisualStudioVersion = 10.0.40219.1
Project("{9A19103F-16F7-4668-BE54-9A1E7A4F7556}") = "Art_00", "Art_00.csproj", "{7BBAB848-C025-4B91-9883-7C7F7D4AEB20}"
EndProject
Project("{FAE04EC0-301F-11D3-BF4B-00C04F79EFBC}") = "TestProject1", "..\TestProject1\TestProject1.csproj", "{5551F7B7-0746-4E56-952F-932DD0706105}"
EndProject
Global
	GlobalSection(SolutionConfigurationPlatforms) = preSolution
		Debug|Any CPU = Debug|Any CPU
		Release|Any CPU = Release|Any CPU
	EndGlobalSection
	GlobalSection(ProjectConfigurationPlatforms) = postSolution
		{7BBAB848-C025-4B91-9883-7C7F7D4AEB20}.Debug|Any CPU.ActiveCfg = Debug|Any CPU
		{7BBAB848-C025-4B91-9883-7C7F7D4AEB20}.Debug|Any CPU.Build.0 = Debug|Any CPU
		{7BBAB848-C025-4B91-9883-7C7F7D4AEB20}.Release|Any CPU.ActiveCfg = Release|Any CPU
		{7BBAB848-C025-4B91-9883-7C7F7D4AEB20}.Release|Any CPU.Build.0 = Release|Any CPU
		{5551F7B7-0746-4E56-952F-932DD0706105}.Debug|Any CPU.ActiveCfg = Debug|Any CPU
		{5551F7B7-0746-4E56-952F-932DD0706105}.Debug|Any CPU.Build.0 = Debug|Any CPU
		{5551F7B7-0746-4E56-952F-932DD0706105}.Release|Any CPU.ActiveCfg = Release|Any CPU
		{5551F7B7-0746-4E56-952F-932DD0706105}.Release|Any CPU.Build.0 = Release|Any CPU
	EndGlobalSection
	GlobalSection(SolutionProperties) = preSolution
		HideSolutionNode = FALSE
	EndGlobalSection
	GlobalSection(ExtensibilityGlobals) = postSolution
		SolutionGuid = {7C18B329-C514-4AE7-8574-CA74DDB377A5}
	EndGlobalSection
EndGlobal
